
Microsoft Visual Studio Solution File, Format Version 12.00
# Visual Studio Version 17
VisualStudioVersion = 17.4.33110.190
MinimumVisualStudioVersion = 10.0.40219.1
Project("{9A19103F-16F7-4668-BE54-9A1E7A4F7556}") = "LearningHub.Nhs.UserProfileUI", "LearningHub.Nhs.UserProfileUI\LearningHub.Nhs.UserProfileUI.csproj", "{3281C89F-C611-4394-9E30-7334982DECEA}"
EndProject
Project("{2150E333-8FDC-42A3-9474-1A3956D46DE8}") = "Solution Items", "Solution Items", "{8A833152-D648-4BB2-8C6C-535A7F0FCD0D}"
	ProjectSection(SolutionItems) = preProject
		Directory.Build.props = Directory.Build.props
		StyleCop.json = StyleCop.json
		StyleCop.ruleset = StyleCop.ruleset
	EndProjectSection
EndProject
Project("{9A19103F-16F7-4668-BE54-9A1E7A4F7556}") = "LearningHub.Nhs.LearningCredentials.Models", "LearningCredentials.Nhs.Models\LearningHub.Nhs.LearningCredentials.Models.csproj", "{705ACC50-1378-4E39-A85F-1DDE5C96B671}"
EndProject
Global
	GlobalSection(SolutionConfigurationPlatforms) = preSolution
		Debug|Any CPU = Debug|Any CPU
		Debug|x64 = Debug|x64
		Release|Any CPU = Release|Any CPU
		Release|x64 = Release|x64
	EndGlobalSection
	GlobalSection(ProjectConfigurationPlatforms) = postSolution
		{3281C89F-C611-4394-9E30-7334982DECEA}.Debug|Any CPU.ActiveCfg = Debug|x64
		{3281C89F-C611-4394-9E30-7334982DECEA}.Debug|Any CPU.Build.0 = Debug|x64
		{3281C89F-C611-4394-9E30-7334982DECEA}.Debug|x64.ActiveCfg = Debug|x64
		{3281C89F-C611-4394-9E30-7334982DECEA}.Debug|x64.Build.0 = Debug|x64
		{3281C89F-C611-4394-9E30-7334982DECEA}.Release|Any CPU.ActiveCfg = Release|Any CPU
		{3281C89F-C611-4394-9E30-7334982DECEA}.Release|Any CPU.Build.0 = Release|Any CPU
		{3281C89F-C611-4394-9E30-7334982DECEA}.Release|x64.ActiveCfg = Release|x64
		{3281C89F-C611-4394-9E30-7334982DECEA}.Release|x64.Build.0 = Release|x64
		{705ACC50-1378-4E39-A85F-1DDE5C96B671}.Debug|Any CPU.ActiveCfg = Debug|x64
		{705ACC50-1378-4E39-A85F-1DDE5C96B671}.Debug|Any CPU.Build.0 = Debug|x64
		{705ACC50-1378-4E39-A85F-1DDE5C96B671}.Debug|x64.ActiveCfg = Debug|x64
		{705ACC50-1378-4E39-A85F-1DDE5C96B671}.Debug|x64.Build.0 = Debug|x64
		{705ACC50-1378-4E39-A85F-1DDE5C96B671}.Release|Any CPU.ActiveCfg = Release|x64
		{705ACC50-1378-4E39-A85F-1DDE5C96B671}.Release|Any CPU.Build.0 = Release|x64
		{705ACC50-1378-4E39-A85F-1DDE5C96B671}.Release|x64.ActiveCfg = Release|x64
		{705ACC50-1378-4E39-A85F-1DDE5C96B671}.Release|x64.Build.0 = Release|x64
	EndGlobalSection
	GlobalSection(SolutionProperties) = preSolution
		HideSolutionNode = FALSE
	EndGlobalSection
	GlobalSection(ExtensibilityGlobals) = postSolution
		SolutionGuid = {A5E97648-1585-46AF-A4B1-D469DD74E0B9}
	EndGlobalSection
EndGlobal
